
Microsoft Visual Studio Solution File, Format Version 12.00
# Visual Studio Version 17
VisualStudioVersion = 17.14.36414.22
MinimumVisualStudioVersion = 10.0.40219.1
Project("{2150E333-8FDC-42A3-9474-1A3956D46DE8}") = "Task0", "Task0", "{02EA681E-C7D8-13C7-8484-4AC65E1B71E8}"
EndProject
Project("{FAE04EC0-301F-11D3-BF4B-00C04F79EFBC}") = "Tyuiu.MolokanovNK.Sprint0.Task0.V0", "Tyuiu.MolokanovNK.Sprint0.Task0.V0\Tyuiu.MolokanovNK.Sprint0.Task0.V0.csproj", "{28B3AFD2-2355-4AE3-B825-8CF27D6EDBF7}"
EndProject
Project("{2150E333-8FDC-42A3-9474-1A3956D46DE8}") = "Task1", "Task1", "{A7E04E38-59CD-49C2-B358-9D5789658687}"
EndProject
Project("{FAE04EC0-301F-11D3-BF4B-00C04F79EFBC}") = "Tyuiu.MolokanovNK.Sprint0.Task1.V0", "Tyuiu.MolokanovNK.Sprint0.Task1.V0\Tyuiu.MolokanovNK.Sprint0.Task1.V0.csproj", "{F4C29168-E481-4CB6-832B-499D2341A2E2}"
EndProject
Project("{2150E333-8FDC-42A3-9474-1A3956D46DE8}") = "Task2", "Task2", "{19871F4B-0823-4D87-8DA4-FE5803B7AC38}"
EndProject
Project("{FAE04EC0-301F-11D3-BF4B-00C04F79EFBC}") = "Tyuiu.MolokanovNK.Sprint0.Task2.V0", "Tyuiu.MolokanovNK.Sprint0.Task2.V0\Tyuiu.MolokanovNK.Sprint0.Task2.V0.csproj", "{37E54D85-0C67-4337-BAE4-9D43B5E50F91}"
EndProject
Project("{FAE04EC0-301F-11D3-BF4B-00C04F79EFBC}") = "Tyuiu.MolokanovNK.Sprint0.Task2.V0.Lib", "Tyuiu.MolokanovNK.Sprint0.Task2.V0.Lib\Tyuiu.MolokanovNK.Sprint0.Task2.V0.Lib.csproj", "{1EB421F0-0310-4D17-B815-B7C8BC591C10}"
EndProject
Project("{FAE04EC0-301F-11D3-BF4B-00C04F79EFBC}") = "Tyuiu.MolokanovNK.Sprint0.Task2.V0.Test", "Tyuiu.MolokanovNK.Sprint0.Task2.V0.Test\Tyuiu.MolokanovNK.Sprint0.Task2.V0.Test.csproj", "{E13F8DF6-F52C-49A4-903F-FC4E062C55CB}"
EndProject
Project("{2150E333-8FDC-42A3-9474-1A3956D46DE8}") = "Task3", "Task3", "{A5CF3F2B-2E86-42B0-8627-1C59FDE73B64}"
EndProject
Project("{FAE04EC0-301F-11D3-BF4B-00C04F79EFBC}") = "Tyuiu.MolokanovNK.Sprint0.Task3.V0", "Tyuiu.MolokanovNK.Sprint0.Task3.V0\Tyuiu.MolokanovNK.Sprint0.Task3.V0.csproj", "{63DB8970-2C21-4E72-9F9C-5B47858665BA}"
EndProject
Project("{FAE04EC0-301F-11D3-BF4B-00C04F79EFBC}") = "Tyuiu.MolokanovNK.Sprint0.Task3.V0.Lib", "Tyuiu.MolokanovNK.Sprint0.Task3.V0.Lib\Tyuiu.MolokanovNK.Sprint0.Task3.V0.Lib.csproj", "{88ECC7A0-5A26-4330-96D4-A81E15FDB371}"
EndProject
Project("{FAE04EC0-301F-11D3-BF4B-00C04F79EFBC}") = "Tyuiu.MolokanovNK.Sprint0.Task3.V0.Test", "Tyuiu.MolokanovNK.Sprint0.Task3.V0.Test\Tyuiu.MolokanovNK.Sprint0.Task3.V0.Test.csproj", "{EDF1F2E0-E527-4C66-B0BB-63466EC66EB8}"
EndProject
Project("{2150E333-8FDC-42A3-9474-1A3956D46DE8}") = "Task4", "Task4", "{DDE22D75-B97E-4D21-8160-45F4270BAEDD}"
EndProject
Project("{FAE04EC0-301F-11D3-BF4B-00C04F79EFBC}") = "Tyuiu.MolokanovNK.Sprint.Task4.V0", "Tyuiu.MolokanovNK.Sprint.Task4.V0\Tyuiu.MolokanovNK.Sprint.Task4.V0.csproj", "{411D3653-0B6D-45CB-BA50-CBD0FD928233}"
EndProject
Project("{FAE04EC0-301F-11D3-BF4B-00C04F79EFBC}") = "Tyuiu.MolokanovNK.Sprint.Task4.V0.Lib", "Tyuiu.MolokanovNK.Sprint.Task4.V0.Lib\Tyuiu.MolokanovNK.Sprint.Task4.V0.Lib.csproj", "{04DD6E2A-E090-4DBA-8514-F2E7C89EB1A1}"
EndProject
Project("{FAE04EC0-301F-11D3-BF4B-00C04F79EFBC}") = "Tyuiu.MolokanovNK.Sprint.Task4.V0.Test", "Tyuiu.MolokanovNK.Sprint.Task4.V0.Test\Tyuiu.MolokanovNK.Sprint.Task4.V0.Test.csproj", "{922533A7-87E2-42F1-8E81-015DF02D2EAE}"
EndProject
Project("{2150E333-8FDC-42A3-9474-1A3956D46DE8}") = "Task5", "Task5", "{F46F2948-DF04-45F0-AEBF-3BADDD73D6F6}"
EndProject
Project("{FAE04EC0-301F-11D3-BF4B-00C04F79EFBC}") = "Tyuiu.MolokanovNK.Sprint0.Task5.V0", "Tyuiu.MolokanovNK.Sprint0.Task5.V0\Tyuiu.MolokanovNK.Sprint0.Task5.V0.csproj", "{D4D66146-FA0F-4B89-9017-8FF7C6A8E7BA}"
EndProject
Project("{FAE04EC0-301F-11D3-BF4B-00C04F79EFBC}") = "Tyuiu.MolokanovNK.Sprint0.Task5.V0.Lib", "Tyuiu.MolokanovNK.Sprint0.Task5.V0.Lib\Tyuiu.MolokanovNK.Sprint0.Task5.V0.Lib.csproj", "{23451465-470C-4E3A-B86B-CCD7FD0AAAE7}"
EndProject
Project("{FAE04EC0-301F-11D3-BF4B-00C04F79EFBC}") = "Tyuiu.MolokanovNK.Sprint0.Task5.V0.Test", "Tyuiu.MolokanovNK.Sprint0.Task5.V0.Test\Tyuiu.MolokanovNK.Sprint0.Task5.V0.Test.csproj", "{DA582CC1-3568-4ACC-A908-BE8413899E58}"
EndProject
Global
	GlobalSection(SolutionConfigurationPlatforms) = preSolution
		Debug|Any CPU = Debug|Any CPU
		Release|Any CPU = Release|Any CPU
	EndGlobalSection
	GlobalSection(ProjectConfigurationPlatforms) = postSolution
		{28B3AFD2-2355-4AE3-B825-8CF27D6EDBF7}.Debug|Any CPU.ActiveCfg = Debug|Any CPU
		{28B3AFD2-2355-4AE3-B825-8CF27D6EDBF7}.Debug|Any CPU.Build.0 = Debug|Any CPU
		{28B3AFD2-2355-4AE3-B825-8CF27D6EDBF7}.Release|Any CPU.ActiveCfg = Release|Any CPU
		{28B3AFD2-2355-4AE3-B825-8CF27D6EDBF7}.Release|Any CPU.Build.0 = Release|Any CPU
		{F4C29168-E481-4CB6-832B-499D2341A2E2}.Debug|Any CPU.ActiveCfg = Debug|Any CPU
		{F4C29168-E481-4CB6-832B-499D2341A2E2}.Debug|Any CPU.Build.0 = Debug|Any CPU
		{F4C29168-E481-4CB6-832B-499D2341A2E2}.Release|Any CPU.ActiveCfg = Release|Any CPU
		{F4C29168-E481-4CB6-832B-499D2341A2E2}.Release|Any CPU.Build.0 = Release|Any CPU
		{37E54D85-0C67-4337-BAE4-9D43B5E50F91}.Debug|Any CPU.ActiveCfg = Debug|Any CPU
		{37E54D85-0C67-4337-BAE4-9D43B5E50F91}.Debug|Any CPU.Build.0 = Debug|Any CPU
		{37E54D85-0C67-4337-BAE4-9D43B5E50F91}.Release|Any CPU.ActiveCfg = Release|Any CPU
		{37E54D85-0C67-4337-BAE4-9D43B5E50F91}.Release|Any CPU.Build.0 = Release|Any CPU
		{1EB421F0-0310-4D17-B815-B7C8BC591C10}.Debug|Any CPU.ActiveCfg = Debug|Any CPU
		{1EB421F0-0310-4D17-B815-B7C8BC591C10}.Debug|Any CPU.Build.0 = Debug|Any CPU
		{1EB421F0-0310-4D17-B815-B7C8BC591C10}.Release|Any CPU.ActiveCfg = Release|Any CPU
		{1EB421F0-0310-4D17-B815-B7C8BC591C10}.Release|Any CPU.Build.0 = Release|Any CPU
		{E13F8DF6-F52C-49A4-903F-FC4E062C55CB}.Debug|Any CPU.ActiveCfg = Debug|Any CPU
		{E13F8DF6-F52C-49A4-903F-FC4E062C55CB}.Debug|Any CPU.Build.0 = Debug|Any CPU
		{E13F8DF6-F52C-49A4-903F-FC4E062C55CB}.Release|Any CPU.ActiveCfg = Release|Any CPU
		{E13F8DF6-F52C-49A4-903F-FC4E062C55CB}.Release|Any CPU.Build.0 = Release|Any CPU
		{63DB8970-2C21-4E72-9F9C-5B47858665BA}.Debug|Any CPU.ActiveCfg = Debug|Any CPU
		{63DB8970-2C21-4E72-9F9C-5B47858665BA}.Debug|Any CPU.Build.0 = Debug|Any CPU
		{63DB8970-2C21-4E72-9F9C-5B47858665BA}.Release|Any CPU.ActiveCfg = Release|Any CPU
		{63DB8970-2C21-4E72-9F9C-5B47858665BA}.Release|Any CPU.Build.0 = Release|Any CPU
		{88ECC7A0-5A26-4330-96D4-A81E15FDB371}.Debug|Any CPU.ActiveCfg = Debug|Any CPU
		{88ECC7A0-5A26-4330-96D4-A81E15FDB371}.Debug|Any CPU.Build.0 = Debug|Any CPU
		{88ECC7A0-5A26-4330-96D4-A81E15FDB371}.Release|Any CPU.ActiveCfg = Release|Any CPU
		{88ECC7A0-5A26-4330-96D4-A81E15FDB371}.Release|Any CPU.Build.0 = Release|Any CPU
		{EDF1F2E0-E527-4C66-B0BB-63466EC66EB8}.Debug|Any CPU.ActiveCfg = Debug|Any CPU
		{EDF1F2E0-E527-4C66-B0BB-63466EC66EB8}.Debug|Any CPU.Build.0 = Debug|Any CPU
		{EDF1F2E0-E527-4C66-B0BB-63466EC66EB8}.Release|Any CPU.ActiveCfg = Release|Any CPU
		{EDF1F2E0-E527-4C66-B0BB-63466EC66EB8}.Release|Any CPU.Build.0 = Release|Any CPU
		{411D3653-0B6D-45CB-BA50-CBD0FD928233}.Debug|Any CPU.ActiveCfg = Debug|Any CPU
		{411D3653-0B6D-45CB-BA50-CBD0FD928233}.Debug|Any CPU.Build.0 = Debug|Any CPU
		{411D3653-0B6D-45CB-BA50-CBD0FD928233}.Release|Any CPU.ActiveCfg = Release|Any CPU
		{411D3653-0B6D-45CB-BA50-CBD0FD928233}.Release|Any CPU.Build.0 = Release|Any CPU
		{04DD6E2A-E090-4DBA-8514-F2E7C89EB1A1}.Debug|Any CPU.ActiveCfg = Debug|Any CPU
		{04DD6E2A-E090-4DBA-8514-F2E7C89EB1A1}.Debug|Any CPU.Build.0 = Debug|Any CPU
		{04DD6E2A-E090-4DBA-8514-F2E7C89EB1A1}.Release|Any CPU.ActiveCfg = Release|Any CPU
		{04DD6E2A-E090-4DBA-8514-F2E7C89EB1A1}.Release|Any CPU.Build.0 = Release|Any CPU
		{922533A7-87E2-42F1-8E81-015DF02D2EAE}.Debug|Any CPU.ActiveCfg = Debug|Any CPU
		{922533A7-87E2-42F1-8E81-015DF02D2EAE}.Debug|Any CPU.Build.0 = Debug|Any CPU
		{922533A7-87E2-42F1-8E81-015DF02D2EAE}.Release|Any CPU.ActiveCfg = Release|Any CPU
		{922533A7-87E2-42F1-8E81-015DF02D2EAE}.Release|Any CPU.Build.0 = Release|Any CPU
		{D4D66146-FA0F-4B89-9017-8FF7C6A8E7BA}.Debug|Any CPU.ActiveCfg = Debug|Any CPU
		{D4D66146-FA0F-4B89-9017-8FF7C6A8E7BA}.Debug|Any CPU.Build.0 = Debug|Any CPU
		{D4D66146-FA0F-4B89-9017-8FF7C6A8E7BA}.Release|Any CPU.ActiveCfg = Release|Any CPU
		{D4D66146-FA0F-4B89-9017-8FF7C6A8E7BA}.Release|Any CPU.Build.0 = Release|Any CPU
		{23451465-470C-4E3A-B86B-CCD7FD0AAAE7}.Debug|Any CPU.ActiveCfg = Debug|Any CPU
		{23451465-470C-4E3A-B86B-CCD7FD0AAAE7}.Debug|Any CPU.Build.0 = Debug|Any CPU
		{23451465-470C-4E3A-B86B-CCD7FD0AAAE7}.Release|Any CPU.ActiveCfg = Release|Any CPU
		{23451465-470C-4E3A-B86B-CCD7FD0AAAE7}.Release|Any CPU.Build.0 = Release|Any CPU
		{DA582CC1-3568-4ACC-A908-BE8413899E58}.Debug|Any CPU.ActiveCfg = Debug|Any CPU
		{DA582CC1-3568-4ACC-A908-BE8413899E58}.Debug|Any CPU.Build.0 = Debug|Any CPU
		{DA582CC1-3568-4ACC-A908-BE8413899E58}.Release|Any CPU.ActiveCfg = Release|Any CPU
		{DA582CC1-3568-4ACC-A908-BE8413899E58}.Release|Any CPU.Build.0 = Release|Any CPU
	EndGlobalSection
	GlobalSection(SolutionProperties) = preSolution
		HideSolutionNode = FALSE
	EndGlobalSection
	GlobalSection(NestedProjects) = preSolution
		{28B3AFD2-2355-4AE3-B825-8CF27D6EDBF7} = {02EA681E-C7D8-13C7-8484-4AC65E1B71E8}
		{F4C29168-E481-4CB6-832B-499D2341A2E2} = {A7E04E38-59CD-49C2-B358-9D5789658687}
		{37E54D85-0C67-4337-BAE4-9D43B5E50F91} = {19871F4B-0823-4D87-8DA4-FE5803B7AC38}
		{1EB421F0-0310-4D17-B815-B7C8BC591C10} = {19871F4B-0823-4D87-8DA4-FE5803B7AC38}
		{E13F8DF6-F52C-49A4-903F-FC4E062C55CB} = {19871F4B-0823-4D87-8DA4-FE5803B7AC38}
		{63DB8970-2C21-4E72-9F9C-5B47858665BA} = {A5CF3F2B-2E86-42B0-8627-1C59FDE73B64}
		{88ECC7A0-5A26-4330-96D4-A81E15FDB371} = {A5CF3F2B-2E86-42B0-8627-1C59FDE73B64}
		{EDF1F2E0-E527-4C66-B0BB-63466EC66EB8} = {A5CF3F2B-2E86-42B0-8627-1C59FDE73B64}
		{411D3653-0B6D-45CB-BA50-CBD0FD928233} = {DDE22D75-B97E-4D21-8160-45F4270BAEDD}
		{04DD6E2A-E090-4DBA-8514-F2E7C89EB1A1} = {DDE22D75-B97E-4D21-8160-45F4270BAEDD}
		{922533A7-87E2-42F1-8E81-015DF02D2EAE} = {DDE22D75-B97E-4D21-8160-45F4270BAEDD}
		{D4D66146-FA0F-4B89-9017-8FF7C6A8E7BA} = {F46F2948-DF04-45F0-AEBF-3BADDD73D6F6}
		{23451465-470C-4E3A-B86B-CCD7FD0AAAE7} = {F46F2948-DF04-45F0-AEBF-3BADDD73D6F6}
		{DA582CC1-3568-4ACC-A908-BE8413899E58} = {F46F2948-DF04-45F0-AEBF-3BADDD73D6F6}
	EndGlobalSection
	GlobalSection(ExtensibilityGlobals) = postSolution
		SolutionGuid = {E5394410-9468-49A2-A513-38B588E8959E}
	EndGlobalSection
EndGlobal
