
Microsoft Visual Studio Solution File, Format Version 12.00
# Visual Studio Version 17
VisualStudioVersion = 17.14.36414.22
MinimumVisualStudioVersion = 10.0.40219.1
Project("{2150E333-8FDC-42A3-9474-1A3956D46DE8}") = "Task0", "Task0", "{02EA681E-C7D8-13C7-8484-4AC65E1B71E8}"
EndProject
Project("{FAE04EC0-301F-11D3-BF4B-00C04F79EFBC}") = "Tyuiu.MolokanovNK.Sprint0.Task0.V0", "Tyuiu.MolokanovNK.Sprint0.Task0.V0\Tyuiu.MolokanovNK.Sprint0.Task0.V0.csproj", "{28B3AFD2-2355-4AE3-B825-8CF27D6EDBF7}"
EndProject
Project("{2150E333-8FDC-42A3-9474-1A3956D46DE8}") = "Task1", "Task1", "{A7E04E38-59CD-49C2-B358-9D5789658687}"
EndProject
Project("{FAE04EC0-301F-11D3-BF4B-00C04F79EFBC}") = "Tyuiu.MolokanovNK.Sprint0.Task1.V0", "Tyuiu.MolokanovNK.Sprint0.Task1.V0\Tyuiu.MolokanovNK.Sprint0.Task1.V0.csproj", "{F4C29168-E481-4CB6-832B-499D2341A2E2}"
EndProject
Global
	GlobalSection(SolutionConfigurationPlatforms) = preSolution
		Debug|Any CPU = Debug|Any CPU
		Release|Any CPU = Release|Any CPU
	EndGlobalSection
	GlobalSection(ProjectConfigurationPlatforms) = postSolution
		{28B3AFD2-2355-4AE3-B825-8CF27D6EDBF7}.Debug|Any CPU.ActiveCfg = Debug|Any CPU
		{28B3AFD2-2355-4AE3-B825-8CF27D6EDBF7}.Debug|Any CPU.Build.0 = Debug|Any CPU
		{28B3AFD2-2355-4AE3-B825-8CF27D6EDBF7}.Release|Any CPU.ActiveCfg = Release|Any CPU
		{28B3AFD2-2355-4AE3-B825-8CF27D6EDBF7}.Release|Any CPU.Build.0 = Release|Any CPU
		{F4C29168-E481-4CB6-832B-499D2341A2E2}.Debug|Any CPU.ActiveCfg = Debug|Any CPU
		{F4C29168-E481-4CB6-832B-499D2341A2E2}.Debug|Any CPU.Build.0 = Debug|Any CPU
		{F4C29168-E481-4CB6-832B-499D2341A2E2}.Release|Any CPU.ActiveCfg = Release|Any CPU
		{F4C29168-E481-4CB6-832B-499D2341A2E2}.Release|Any CPU.Build.0 = Release|Any CPU
	EndGlobalSection
	GlobalSection(SolutionProperties) = preSolution
		HideSolutionNode = FALSE
	EndGlobalSection
	GlobalSection(NestedProjects) = preSolution
		{28B3AFD2-2355-4AE3-B825-8CF27D6EDBF7} = {02EA681E-C7D8-13C7-8484-4AC65E1B71E8}
		{F4C29168-E481-4CB6-832B-499D2341A2E2} = {A7E04E38-59CD-49C2-B358-9D5789658687}
	EndGlobalSection
	GlobalSection(ExtensibilityGlobals) = postSolution
		SolutionGuid = {E5394410-9468-49A2-A513-38B588E8959E}
	EndGlobalSection
EndGlobal
